{
    "_meta": {
        "hash": {
            "sha256": "467e6482f769f796ba7007efd609b655e5684345b73349116f2f8ee6591ed0e0"
        },
        "pipfile-spec": 6,
        "requires": {
            "python_version": "2.7"
        },
        "sources": [
            {
                "name": "pypi",
                "url": "https://pypi.org/simple",
                "verify_ssl": true
            }
        ]
    },
    "default": {
        "cx-oracle": {
            "hashes": [
                "sha256:054066097483c603e68233b5a95a439c306d25b56e2661fefe32d5b717fd20a4",
                "sha256:2352162b1511ce31943b83ded20e17fc06d41a479b75dea50ce918db91f6fd7c",
                "sha256:26d848cc73c1c019fc7a9f3f6306aed6aabef8d29fc73d9c0f077f41421c7b76",
                "sha256:32495eaa7a7e3283cadb56c5eb14f345fae4b7be90aad20fc65260f61ef12537",
                "sha256:3cd1921d4ac60c3ed4e5ca82e2b619d28b2fe53e920cef7448272ecfbe8dcb5d",
                "sha256:4d3fc2918f088fdbb5ec7504cc40db2472a36ba84f6f44d3922bf61e4036c123",
                "sha256:4e2e9103abe1b553caf45e2d702600e22b7af8fc33f33259b2893acb7742ef50",
                "sha256:58eeb7c227ab7f5ac77127872a578ee7ac2d64883e98b4c1b9aea4dd4f177d5f",
                "sha256:6ca93c853e0dda0850b7259fcc851d884ec6657b1837ec264e4a434819dac040",
                "sha256:879233f07103474eed49513c3170539f4805f5ac9dbd5dfb7f370304a5910008",
                "sha256:c64f6d0765bf73db2bfb4f2ae78aeb6ddbfd7c0f352441b88c81e841a64f1600",
                "sha256:cbfc1ae587629edbc67ffc17c48b6991e2e258acf7d1a44d5a3e479afd65798e",
                "sha256:e627310abf6bfab4e6f9d2063b208c77a914149e3f55d611ed0daff5b1165c07",
                "sha256:ffa9f248a04b5e13b3faef389f1a0d19c4a1a073c598ac333039d16560f56647"
            ],
            "version": "==6.3.1"
        },
        "elasticsearch": {
            "hashes": [
                "sha256:503c498234dd572896e563386181d7cb966ab3db68b0b132a26c5dabfd5dde24",
                "sha256:b106fa3e01750376a42f8a9882bd84d630fda58c7aba38b4fec797d11c0bd0a2"
            ],
            "version": "==6.2.0"
        },
        "urllib3": {
            "hashes": [
                "sha256:06330f386d6e4b195fbfc736b297f58c5a892e4440e54d294d7004e3a9bbea1b",
                "sha256:cc44da8e1145637334317feebd728bd869a35285b93cbb4cca2577da7e62db4f"
            ],
            "version": "==1.22"
        }
    },
    "develop": {}
}
